
Microsoft Visual Studio Solution File, Format Version 12.00
# Visual Studio Version 17
VisualStudioVersion = 17.4.33213.308
MinimumVisualStudioVersion = 10.0.40219.1
Project("{9A19103F-16F7-4668-BE54-9A1E7A4F7556}") = "MediaSharp.Core", "src\MediaSharp.Core\MediaSharp.Core.csproj", "{9F279FD5-659D-4FA3-A12D-7EDF4BF7DCE8}"
EndProject
Project("{9A19103F-16F7-4668-BE54-9A1E7A4F7556}") = "MediaSharp.DependencyInjection", "src\MediaSharp.DependencyInjection\MediaSharp.DependencyInjection.csproj", "{E3ADF522-EA69-4927-8107-00507F04BFAC}"
EndProject
Project("{9A19103F-16F7-4668-BE54-9A1E7A4F7556}") = "MediaSharp.Exceptions", "src\MediaSharp.Exceptions\MediaSharp.Exceptions.csproj", "{CF68DFAE-33FA-47C9-AEF7-D29761C59FA4}"
EndProject
Project("{9A19103F-16F7-4668-BE54-9A1E7A4F7556}") = "MediaSharp.SourceGenerators", "src\MediaSharp.SourceGenerators\MediaSharp.SourceGenerators.csproj", "{65C0C384-4F35-42DB-928D-74214AB69695}"
EndProject
Project("{9A19103F-16F7-4668-BE54-9A1E7A4F7556}") = "Tester", "src\Tester\Tester.csproj", "{9360503A-33B6-4B95-A72F-B16AECDC213C}"
EndProject
Global
	GlobalSection(SolutionConfigurationPlatforms) = preSolution
		Debug|Any CPU = Debug|Any CPU
		Release|Any CPU = Release|Any CPU
	EndGlobalSection
	GlobalSection(ProjectConfigurationPlatforms) = postSolution
		{9F279FD5-659D-4FA3-A12D-7EDF4BF7DCE8}.Debug|Any CPU.ActiveCfg = Debug|Any CPU
		{9F279FD5-659D-4FA3-A12D-7EDF4BF7DCE8}.Debug|Any CPU.Build.0 = Debug|Any CPU
		{9F279FD5-659D-4FA3-A12D-7EDF4BF7DCE8}.Release|Any CPU.ActiveCfg = Release|Any CPU
		{9F279FD5-659D-4FA3-A12D-7EDF4BF7DCE8}.Release|Any CPU.Build.0 = Release|Any CPU
		{E3ADF522-EA69-4927-8107-00507F04BFAC}.Debug|Any CPU.ActiveCfg = Debug|Any CPU
		{E3ADF522-EA69-4927-8107-00507F04BFAC}.Debug|Any CPU.Build.0 = Debug|Any CPU
		{E3ADF522-EA69-4927-8107-00507F04BFAC}.Release|Any CPU.ActiveCfg = Release|Any CPU
		{E3ADF522-EA69-4927-8107-00507F04BFAC}.Release|Any CPU.Build.0 = Release|Any CPU
		{CF68DFAE-33FA-47C9-AEF7-D29761C59FA4}.Debug|Any CPU.ActiveCfg = Debug|Any CPU
		{CF68DFAE-33FA-47C9-AEF7-D29761C59FA4}.Debug|Any CPU.Build.0 = Debug|Any CPU
		{CF68DFAE-33FA-47C9-AEF7-D29761C59FA4}.Release|Any CPU.ActiveCfg = Release|Any CPU
		{CF68DFAE-33FA-47C9-AEF7-D29761C59FA4}.Release|Any CPU.Build.0 = Release|Any CPU
		{65C0C384-4F35-42DB-928D-74214AB69695}.Debug|Any CPU.ActiveCfg = Debug|Any CPU
		{65C0C384-4F35-42DB-928D-74214AB69695}.Debug|Any CPU.Build.0 = Debug|Any CPU
		{65C0C384-4F35-42DB-928D-74214AB69695}.Release|Any CPU.ActiveCfg = Release|Any CPU
		{65C0C384-4F35-42DB-928D-74214AB69695}.Release|Any CPU.Build.0 = Release|Any CPU
		{9360503A-33B6-4B95-A72F-B16AECDC213C}.Debug|Any CPU.ActiveCfg = Debug|Any CPU
		{9360503A-33B6-4B95-A72F-B16AECDC213C}.Debug|Any CPU.Build.0 = Debug|Any CPU
		{9360503A-33B6-4B95-A72F-B16AECDC213C}.Release|Any CPU.ActiveCfg = Release|Any CPU
		{9360503A-33B6-4B95-A72F-B16AECDC213C}.Release|Any CPU.Build.0 = Release|Any CPU
	EndGlobalSection
	GlobalSection(SolutionProperties) = preSolution
		HideSolutionNode = FALSE
	EndGlobalSection
	GlobalSection(ExtensibilityGlobals) = postSolution
		SolutionGuid = {D90FE41F-BCED-472E-9E85-8B113B9E8878}
	EndGlobalSection
EndGlobal
